// !$*UTF8*$!
{
	archiveVersion = 1;
	classes = {
	};
	objectVersion = 56;
	objects = {

/* Begin PBXBuildFile section */
		962599F32AC4C6A300049DBF /* CoverImageModel.swift in Sources */ = {isa = PBXBuildFile; fileRef = 962599F22AC4C6A300049DBF /* CoverImageModel.swift */; };
		962599F62AC4C78700049DBF /* CodableBundleExtension.swift in Sources */ = {isa = PBXBuildFile; fileRef = 962599F52AC4C78700049DBF /* CodableBundleExtension.swift */; };
		9675A1F02AC52C7000E03B4D /* AnimalListItemView.swift in Sources */ = {isa = PBXBuildFile; fileRef = 9675A1EF2AC52C7000E03B4D /* AnimalListItemView.swift */; };
		9675A1F22AC52D9A00E03B4D /* AnimalModel.swift in Sources */ = {isa = PBXBuildFile; fileRef = 9675A1F12AC52D9A00E03B4D /* AnimalModel.swift */; };
		969AAF102AC538470044C36C /* AnimalDetailView.swift in Sources */ = {isa = PBXBuildFile; fileRef = 969AAF0F2AC538470044C36C /* AnimalDetailView.swift */; };
		969AAF122AC53A230044C36C /* HeadingView.swift in Sources */ = {isa = PBXBuildFile; fileRef = 969AAF112AC53A230044C36C /* HeadingView.swift */; };
		969AAF142AC53B230044C36C /* InsetGalleryView.swift in Sources */ = {isa = PBXBuildFile; fileRef = 969AAF132AC53B230044C36C /* InsetGalleryView.swift */; };
		96A833232AC4454600EA0F50 /* AfricaApp.swift in Sources */ = {isa = PBXBuildFile; fileRef = 96A833222AC4454600EA0F50 /* AfricaApp.swift */; };
		96A833252AC4454600EA0F50 /* ContentView.swift in Sources */ = {isa = PBXBuildFile; fileRef = 96A833242AC4454600EA0F50 /* ContentView.swift */; };
		96A833272AC4454900EA0F50 /* Assets.xcassets in Resources */ = {isa = PBXBuildFile; fileRef = 96A833262AC4454900EA0F50 /* Assets.xcassets */; };
		96A8332A2AC4454900EA0F50 /* Preview Assets.xcassets in Resources */ = {isa = PBXBuildFile; fileRef = 96A833292AC4454900EA0F50 /* Preview Assets.xcassets */; };
		96A8333B2AC4468300EA0F50 /* lioness.mp4 in Resources */ = {isa = PBXBuildFile; fileRef = 96A833312AC4467F00EA0F50 /* lioness.mp4 */; };
		96A8333C2AC4468300EA0F50 /* rhino.mp4 in Resources */ = {isa = PBXBuildFile; fileRef = 96A833322AC4468000EA0F50 /* rhino.mp4 */; };
		96A8333D2AC4468300EA0F50 /* ostrich.mp4 in Resources */ = {isa = PBXBuildFile; fileRef = 96A833332AC4468000EA0F50 /* ostrich.mp4 */; };
		96A8333E2AC4468300EA0F50 /* zebra.mp4 in Resources */ = {isa = PBXBuildFile; fileRef = 96A833342AC4468000EA0F50 /* zebra.mp4 */; };
		96A8333F2AC4468300EA0F50 /* hippo.mp4 in Resources */ = {isa = PBXBuildFile; fileRef = 96A833352AC4468100EA0F50 /* hippo.mp4 */; };
		96A833402AC4468300EA0F50 /* gorilla.mp4 in Resources */ = {isa = PBXBuildFile; fileRef = 96A833362AC4468100EA0F50 /* gorilla.mp4 */; };
		96A833412AC4468300EA0F50 /* giraffe.mp4 in Resources */ = {isa = PBXBuildFile; fileRef = 96A833372AC4468200EA0F50 /* giraffe.mp4 */; };
		96A833422AC4468300EA0F50 /* elephant.mp4 in Resources */ = {isa = PBXBuildFile; fileRef = 96A833382AC4468200EA0F50 /* elephant.mp4 */; };
		96A833432AC4468300EA0F50 /* cheetah.mp4 in Resources */ = {isa = PBXBuildFile; fileRef = 96A833392AC4468200EA0F50 /* cheetah.mp4 */; };
		96A833442AC4468300EA0F50 /* lion.mp4 in Resources */ = {isa = PBXBuildFile; fileRef = 96A8333A2AC4468300EA0F50 /* lion.mp4 */; };
		96A8334A2AC446B700EA0F50 /* videos.json in Resources */ = {isa = PBXBuildFile; fileRef = 96A833462AC446B700EA0F50 /* videos.json */; };
		96A8334B2AC446B700EA0F50 /* covers.json in Resources */ = {isa = PBXBuildFile; fileRef = 96A833472AC446B700EA0F50 /* covers.json */; };
		96A8334C2AC446B700EA0F50 /* locations.json in Resources */ = {isa = PBXBuildFile; fileRef = 96A833482AC446B700EA0F50 /* locations.json */; };
		96A8334D2AC446B700EA0F50 /* animals.json in Resources */ = {isa = PBXBuildFile; fileRef = 96A833492AC446B700EA0F50 /* animals.json */; };
		96A833512AC4487D00EA0F50 /* VideoListView.swift in Sources */ = {isa = PBXBuildFile; fileRef = 96A833502AC4487D00EA0F50 /* VideoListView.swift */; };
		96A833532AC4488F00EA0F50 /* MapView.swift in Sources */ = {isa = PBXBuildFile; fileRef = 96A833522AC4488F00EA0F50 /* MapView.swift */; };
		96A833552AC448A100EA0F50 /* GalleryView.swift in Sources */ = {isa = PBXBuildFile; fileRef = 96A833542AC448A100EA0F50 /* GalleryView.swift */; };
		96A833572AC448B100EA0F50 /* MainView.swift in Sources */ = {isa = PBXBuildFile; fileRef = 96A833562AC448B100EA0F50 /* MainView.swift */; };
		96F5EB222AC452E8000CF69D /* CoverImageView.swift in Sources */ = {isa = PBXBuildFile; fileRef = 96F5EB212AC452E8000CF69D /* CoverImageView.swift */; };
/* End PBXBuildFile section */

/* Begin PBXFileReference section */
		962599F22AC4C6A300049DBF /* CoverImageModel.swift */ = {isa = PBXFileReference; lastKnownFileType = sourcecode.swift; path = CoverImageModel.swift; sourceTree = "<group>"; };
		962599F52AC4C78700049DBF /* CodableBundleExtension.swift */ = {isa = PBXFileReference; lastKnownFileType = sourcecode.swift; path = CodableBundleExtension.swift; sourceTree = "<group>"; };
		9675A1EF2AC52C7000E03B4D /* AnimalListItemView.swift */ = {isa = PBXFileReference; lastKnownFileType = sourcecode.swift; path = AnimalListItemView.swift; sourceTree = "<group>"; };
		9675A1F12AC52D9A00E03B4D /* AnimalModel.swift */ = {isa = PBXFileReference; lastKnownFileType = sourcecode.swift; path = AnimalModel.swift; sourceTree = "<group>"; };
		969AAF0F2AC538470044C36C /* AnimalDetailView.swift */ = {isa = PBXFileReference; lastKnownFileType = sourcecode.swift; path = AnimalDetailView.swift; sourceTree = "<group>"; };
		969AAF112AC53A230044C36C /* HeadingView.swift */ = {isa = PBXFileReference; lastKnownFileType = sourcecode.swift; path = HeadingView.swift; sourceTree = "<group>"; };
		969AAF132AC53B230044C36C /* InsetGalleryView.swift */ = {isa = PBXFileReference; lastKnownFileType = sourcecode.swift; path = InsetGalleryView.swift; sourceTree = "<group>"; };
		96A8331F2AC4454600EA0F50 /* Africa.app */ = {isa = PBXFileReference; explicitFileType = wrapper.application; includeInIndex = 0; path = Africa.app; sourceTree = BUILT_PRODUCTS_DIR; };
		96A833222AC4454600EA0F50 /* AfricaApp.swift */ = {isa = PBXFileReference; lastKnownFileType = sourcecode.swift; path = AfricaApp.swift; sourceTree = "<group>"; };
		96A833242AC4454600EA0F50 /* ContentView.swift */ = {isa = PBXFileReference; lastKnownFileType = sourcecode.swift; path = ContentView.swift; sourceTree = "<group>"; };
		96A833262AC4454900EA0F50 /* Assets.xcassets */ = {isa = PBXFileReference; lastKnownFileType = folder.assetcatalog; path = Assets.xcassets; sourceTree = "<group>"; };
		96A833292AC4454900EA0F50 /* Preview Assets.xcassets */ = {isa = PBXFileReference; lastKnownFileType = folder.assetcatalog; path = "Preview Assets.xcassets"; sourceTree = "<group>"; };
		96A833312AC4467F00EA0F50 /* lioness.mp4 */ = {isa = PBXFileReference; lastKnownFileType = file; path = lioness.mp4; sourceTree = "<group>"; };
		96A833322AC4468000EA0F50 /* rhino.mp4 */ = {isa = PBXFileReference; lastKnownFileType = file; path = rhino.mp4; sourceTree = "<group>"; };
		96A833332AC4468000EA0F50 /* ostrich.mp4 */ = {isa = PBXFileReference; lastKnownFileType = file; path = ostrich.mp4; sourceTree = "<group>"; };
		96A833342AC4468000EA0F50 /* zebra.mp4 */ = {isa = PBXFileReference; lastKnownFileType = file; path = zebra.mp4; sourceTree = "<group>"; };
		96A833352AC4468100EA0F50 /* hippo.mp4 */ = {isa = PBXFileReference; lastKnownFileType = file; path = hippo.mp4; sourceTree = "<group>"; };
		96A833362AC4468100EA0F50 /* gorilla.mp4 */ = {isa = PBXFileReference; lastKnownFileType = file; path = gorilla.mp4; sourceTree = "<group>"; };
		96A833372AC4468200EA0F50 /* giraffe.mp4 */ = {isa = PBXFileReference; lastKnownFileType = file; path = giraffe.mp4; sourceTree = "<group>"; };
		96A833382AC4468200EA0F50 /* elephant.mp4 */ = {isa = PBXFileReference; lastKnownFileType = file; path = elephant.mp4; sourceTree = "<group>"; };
		96A833392AC4468200EA0F50 /* cheetah.mp4 */ = {isa = PBXFileReference; lastKnownFileType = file; path = cheetah.mp4; sourceTree = "<group>"; };
		96A8333A2AC4468300EA0F50 /* lion.mp4 */ = {isa = PBXFileReference; lastKnownFileType = file; path = lion.mp4; sourceTree = "<group>"; };
		96A833462AC446B700EA0F50 /* videos.json */ = {isa = PBXFileReference; fileEncoding = 4; lastKnownFileType = text.json; path = videos.json; sourceTree = "<group>"; };
		96A833472AC446B700EA0F50 /* covers.json */ = {isa = PBXFileReference; fileEncoding = 4; lastKnownFileType = text.json; path = covers.json; sourceTree = "<group>"; };
		96A833482AC446B700EA0F50 /* locations.json */ = {isa = PBXFileReference; fileEncoding = 4; lastKnownFileType = text.json; path = locations.json; sourceTree = "<group>"; };
		96A833492AC446B700EA0F50 /* animals.json */ = {isa = PBXFileReference; fileEncoding = 4; lastKnownFileType = text.json; path = animals.json; sourceTree = "<group>"; };
		96A8334E2AC4478D00EA0F50 /* Info.plist */ = {isa = PBXFileReference; lastKnownFileType = text.plist; path = Info.plist; sourceTree = "<group>"; };
		96A833502AC4487D00EA0F50 /* VideoListView.swift */ = {isa = PBXFileReference; lastKnownFileType = sourcecode.swift; path = VideoListView.swift; sourceTree = "<group>"; };
		96A833522AC4488F00EA0F50 /* MapView.swift */ = {isa = PBXFileReference; lastKnownFileType = sourcecode.swift; path = MapView.swift; sourceTree = "<group>"; };
		96A833542AC448A100EA0F50 /* GalleryView.swift */ = {isa = PBXFileReference; lastKnownFileType = sourcecode.swift; path = GalleryView.swift; sourceTree = "<group>"; };
		96A833562AC448B100EA0F50 /* MainView.swift */ = {isa = PBXFileReference; lastKnownFileType = sourcecode.swift; path = MainView.swift; sourceTree = "<group>"; };
		96F5EB212AC452E8000CF69D /* CoverImageView.swift */ = {isa = PBXFileReference; lastKnownFileType = sourcecode.swift; path = CoverImageView.swift; sourceTree = "<group>"; };
/* End PBXFileReference section */

/* Begin PBXFrameworksBuildPhase section */
		96A8331C2AC4454600EA0F50 /* Frameworks */ = {
			isa = PBXFrameworksBuildPhase;
			buildActionMask = 2147483647;
			files = (
			);
			runOnlyForDeploymentPostprocessing = 0;
		};
/* End PBXFrameworksBuildPhase section */

/* Begin PBXGroup section */
		962599F12AC4C68900049DBF /* Model */ = {
			isa = PBXGroup;
			children = (
				962599F22AC4C6A300049DBF /* CoverImageModel.swift */,
				9675A1F12AC52D9A00E03B4D /* AnimalModel.swift */,
			);
			path = Model;
			sourceTree = "<group>";
		};
		962599F42AC4C76700049DBF /* Extension */ = {
			isa = PBXGroup;
			children = (
				962599F52AC4C78700049DBF /* CodableBundleExtension.swift */,
			);
			path = Extension;
			sourceTree = "<group>";
		};
		962DEBCE2AC44BC5004ABB9C /* View */ = {
			isa = PBXGroup;
			children = (
				96F5EB212AC452E8000CF69D /* CoverImageView.swift */,
				9675A1EF2AC52C7000E03B4D /* AnimalListItemView.swift */,
				969AAF0F2AC538470044C36C /* AnimalDetailView.swift */,
				969AAF112AC53A230044C36C /* HeadingView.swift */,
				969AAF132AC53B230044C36C /* InsetGalleryView.swift */,
			);
			path = View;
			sourceTree = "<group>";
		};
		96A833162AC4454600EA0F50 = {
			isa = PBXGroup;
			children = (
				96A833212AC4454600EA0F50 /* Africa */,
				96A833202AC4454600EA0F50 /* Products */,
			);
			sourceTree = "<group>";
		};
		96A833202AC4454600EA0F50 /* Products */ = {
			isa = PBXGroup;
			children = (
				96A8331F2AC4454600EA0F50 /* Africa.app */,
			);
			name = Products;
			sourceTree = "<group>";
		};
		96A833212AC4454600EA0F50 /* Africa */ = {
			isa = PBXGroup;
			children = (
				962599F42AC4C76700049DBF /* Extension */,
				962599F12AC4C68900049DBF /* Model */,
				962DEBCE2AC44BC5004ABB9C /* View */,
				96A8334E2AC4478D00EA0F50 /* Info.plist */,
				96A833452AC446A700EA0F50 /* Data */,
				96A833302AC4465500EA0F50 /* Video */,
				96A8334F2AC4484200EA0F50 /* App */,
				96A833262AC4454900EA0F50 /* Assets.xcassets */,
				96A833282AC4454900EA0F50 /* Preview Content */,
			);
			path = Africa;
			sourceTree = "<group>";
		};
		96A833282AC4454900EA0F50 /* Preview Content */ = {
			isa = PBXGroup;
			children = (
				96A833292AC4454900EA0F50 /* Preview Assets.xcassets */,
			);
			path = "Preview Content";
			sourceTree = "<group>";
		};
		96A833302AC4465500EA0F50 /* Video */ = {
			isa = PBXGroup;
			children = (
				96A833392AC4468200EA0F50 /* cheetah.mp4 */,
				96A833382AC4468200EA0F50 /* elephant.mp4 */,
				96A833372AC4468200EA0F50 /* giraffe.mp4 */,
				96A833362AC4468100EA0F50 /* gorilla.mp4 */,
				96A833352AC4468100EA0F50 /* hippo.mp4 */,
				96A8333A2AC4468300EA0F50 /* lion.mp4 */,
				96A833312AC4467F00EA0F50 /* lioness.mp4 */,
				96A833332AC4468000EA0F50 /* ostrich.mp4 */,
				96A833322AC4468000EA0F50 /* rhino.mp4 */,
				96A833342AC4468000EA0F50 /* zebra.mp4 */,
			);
			path = Video;
			sourceTree = "<group>";
		};
		96A833452AC446A700EA0F50 /* Data */ = {
			isa = PBXGroup;
			children = (
				96A833492AC446B700EA0F50 /* animals.json */,
				96A833472AC446B700EA0F50 /* covers.json */,
				96A833482AC446B700EA0F50 /* locations.json */,
				96A833462AC446B700EA0F50 /* videos.json */,
			);
			path = Data;
			sourceTree = "<group>";
		};
		96A8334F2AC4484200EA0F50 /* App */ = {
			isa = PBXGroup;
			children = (
				96A833222AC4454600EA0F50 /* AfricaApp.swift */,
				96A833242AC4454600EA0F50 /* ContentView.swift */,
				96A833502AC4487D00EA0F50 /* VideoListView.swift */,
				96A833522AC4488F00EA0F50 /* MapView.swift */,
				96A833542AC448A100EA0F50 /* GalleryView.swift */,
				96A833562AC448B100EA0F50 /* MainView.swift */,
			);
			path = App;
			sourceTree = "<group>";
		};
/* End PBXGroup section */

/* Begin PBXNativeTarget section */
		96A8331E2AC4454600EA0F50 /* Africa */ = {
			isa = PBXNativeTarget;
			buildConfigurationList = 96A8332D2AC4454900EA0F50 /* Build configuration list for PBXNativeTarget "Africa" */;
			buildPhases = (
				96A8331B2AC4454600EA0F50 /* Sources */,
				96A8331C2AC4454600EA0F50 /* Frameworks */,
				96A8331D2AC4454600EA0F50 /* Resources */,
			);
			buildRules = (
			);
			dependencies = (
			);
			name = Africa;
			productName = Africa;
			productReference = 96A8331F2AC4454600EA0F50 /* Africa.app */;
			productType = "com.apple.product-type.application";
		};
/* End PBXNativeTarget section */

/* Begin PBXProject section */
		96A833172AC4454600EA0F50 /* Project object */ = {
			isa = PBXProject;
			attributes = {
				BuildIndependentTargetsInParallel = 1;
				LastSwiftUpdateCheck = 1500;
				LastUpgradeCheck = 1500;
				TargetAttributes = {
					96A8331E2AC4454600EA0F50 = {
						CreatedOnToolsVersion = 15.0;
					};
				};
			};
			buildConfigurationList = 96A8331A2AC4454600EA0F50 /* Build configuration list for PBXProject "Africa" */;
			compatibilityVersion = "Xcode 14.0";
			developmentRegion = en;
			hasScannedForEncodings = 0;
			knownRegions = (
				en,
				Base,
			);
			mainGroup = 96A833162AC4454600EA0F50;
			productRefGroup = 96A833202AC4454600EA0F50 /* Products */;
			projectDirPath = "";
			projectRoot = "";
			targets = (
				96A8331E2AC4454600EA0F50 /* Africa */,
			);
		};
/* End PBXProject section */

/* Begin PBXResourcesBuildPhase section */
		96A8331D2AC4454600EA0F50 /* Resources */ = {
			isa = PBXResourcesBuildPhase;
			buildActionMask = 2147483647;
			files = (
				96A8333C2AC4468300EA0F50 /* rhino.mp4 in Resources */,
				96A833442AC4468300EA0F50 /* lion.mp4 in Resources */,
				96A8332A2AC4454900EA0F50 /* Preview Assets.xcassets in Resources */,
				96A8333F2AC4468300EA0F50 /* hippo.mp4 in Resources */,
				96A8334A2AC446B700EA0F50 /* videos.json in Resources */,
				96A833272AC4454900EA0F50 /* Assets.xcassets in Resources */,
				96A833402AC4468300EA0F50 /* gorilla.mp4 in Resources */,
				96A8334C2AC446B700EA0F50 /* locations.json in Resources */,
				96A8334B2AC446B700EA0F50 /* covers.json in Resources */,
				96A8334D2AC446B700EA0F50 /* animals.json in Resources */,
				96A8333D2AC4468300EA0F50 /* ostrich.mp4 in Resources */,
				96A8333E2AC4468300EA0F50 /* zebra.mp4 in Resources */,
				96A8333B2AC4468300EA0F50 /* lioness.mp4 in Resources */,
				96A833422AC4468300EA0F50 /* elephant.mp4 in Resources */,
				96A833412AC4468300EA0F50 /* giraffe.mp4 in Resources */,
				96A833432AC4468300EA0F50 /* cheetah.mp4 in Resources */,
			);
			runOnlyForDeploymentPostprocessing = 0;
		};
/* End PBXResourcesBuildPhase section */

/* Begin PBXSourcesBuildPhase section */
		96A8331B2AC4454600EA0F50 /* Sources */ = {
			isa = PBXSourcesBuildPhase;
			buildActionMask = 2147483647;
			files = (
				96A833252AC4454600EA0F50 /* ContentView.swift in Sources */,
				9675A1F02AC52C7000E03B4D /* AnimalListItemView.swift in Sources */,
				96A833572AC448B100EA0F50 /* MainView.swift in Sources */,
				96F5EB222AC452E8000CF69D /* CoverImageView.swift in Sources */,
				962599F32AC4C6A300049DBF /* CoverImageModel.swift in Sources */,
				969AAF102AC538470044C36C /* AnimalDetailView.swift in Sources */,
				9675A1F22AC52D9A00E03B4D /* AnimalModel.swift in Sources */,
				96A833532AC4488F00EA0F50 /* MapView.swift in Sources */,
				96A833232AC4454600EA0F50 /* AfricaApp.swift in Sources */,
				96A833512AC4487D00EA0F50 /* VideoListView.swift in Sources */,
				96A833552AC448A100EA0F50 /* GalleryView.swift in Sources */,
				969AAF142AC53B230044C36C /* InsetGalleryView.swift in Sources */,
				962599F62AC4C78700049DBF /* CodableBundleExtension.swift in Sources */,
				969AAF122AC53A230044C36C /* HeadingView.swift in Sources */,
			);
			runOnlyForDeploymentPostprocessing = 0;
		};
/* End PBXSourcesBuildPhase section */

/* Begin XCBuildConfiguration section */
		96A8332B2AC4454900EA0F50 /* Debug */ = {
			isa = XCBuildConfiguration;
			buildSettings = {
				ALWAYS_SEARCH_USER_PATHS = NO;
				ASSETCATALOG_COMPILER_GENERATE_SWIFT_ASSET_SYMBOL_EXTENSIONS = YES;
				CLANG_ANALYZER_NONNULL = YES;
				CLANG_ANALYZER_NUMBER_OBJECT_CONVERSION = YES_AGGRESSIVE;
				CLANG_CXX_LANGUAGE_STANDARD = "gnu++20";
				CLANG_ENABLE_MODULES = YES;
				CLANG_ENABLE_OBJC_ARC = YES;
				CLANG_ENABLE_OBJC_WEAK = YES;
				CLANG_WARN_BLOCK_CAPTURE_AUTORELEASING = YES;
				CLANG_WARN_BOOL_CONVERSION = YES;
				CLANG_WARN_COMMA = YES;
				CLANG_WARN_CONSTANT_CONVERSION = YES;
				CLANG_WARN_DEPRECATED_OBJC_IMPLEMENTATIONS = YES;
				CLANG_WARN_DIRECT_OBJC_ISA_USAGE = YES_ERROR;
				CLANG_WARN_DOCUMENTATION_COMMENTS = YES;
				CLANG_WARN_EMPTY_BODY = YES;
				CLANG_WARN_ENUM_CONVERSION = YES;
				CLANG_WARN_INFINITE_RECURSION = YES;
				CLANG_WARN_INT_CONVERSION = YES;
				CLANG_WARN_NON_LITERAL_NULL_CONVERSION = YES;
				CLANG_WARN_OBJC_IMPLICIT_RETAIN_SELF = YES;
				CLANG_WARN_OBJC_LITERAL_CONVERSION = YES;
				CLANG_WARN_OBJC_ROOT_CLASS = YES_ERROR;
				CLANG_WARN_QUOTED_INCLUDE_IN_FRAMEWORK_HEADER = YES;
				CLANG_WARN_RANGE_LOOP_ANALYSIS = YES;
				CLANG_WARN_STRICT_PROTOTYPES = YES;
				CLANG_WARN_SUSPICIOUS_MOVE = YES;
				CLANG_WARN_UNGUARDED_AVAILABILITY = YES_AGGRESSIVE;
				CLANG_WARN_UNREACHABLE_CODE = YES;
				CLANG_WARN__DUPLICATE_METHOD_MATCH = YES;
				COPY_PHASE_STRIP = NO;
				DEBUG_INFORMATION_FORMAT = dwarf;
				ENABLE_STRICT_OBJC_MSGSEND = YES;
				ENABLE_TESTABILITY = YES;
				ENABLE_USER_SCRIPT_SANDBOXING = YES;
				GCC_C_LANGUAGE_STANDARD = gnu17;
				GCC_DYNAMIC_NO_PIC = NO;
				GCC_NO_COMMON_BLOCKS = YES;
				GCC_OPTIMIZATION_LEVEL = 0;
				GCC_PREPROCESSOR_DEFINITIONS = (
					"DEBUG=1",
					"$(inherited)",
				);
				GCC_WARN_64_TO_32_BIT_CONVERSION = YES;
				GCC_WARN_ABOUT_RETURN_TYPE = YES_ERROR;
				GCC_WARN_UNDECLARED_SELECTOR = YES;
				GCC_WARN_UNINITIALIZED_AUTOS = YES_AGGRESSIVE;
				GCC_WARN_UNUSED_FUNCTION = YES;
				GCC_WARN_UNUSED_VARIABLE = YES;
				IPHONEOS_DEPLOYMENT_TARGET = 17.0;
				LOCALIZATION_PREFERS_STRING_CATALOGS = YES;
				MTL_ENABLE_DEBUG_INFO = INCLUDE_SOURCE;
				MTL_FAST_MATH = YES;
				ONLY_ACTIVE_ARCH = YES;
				SDKROOT = iphoneos;
				SWIFT_ACTIVE_COMPILATION_CONDITIONS = "DEBUG $(inherited)";
				SWIFT_OPTIMIZATION_LEVEL = "-Onone";
			};
			name = Debug;
		};
		96A8332C2AC4454900EA0F50 /* Release */ = {
			isa = XCBuildConfiguration;
			buildSettings = {
				ALWAYS_SEARCH_USER_PATHS = NO;
				ASSETCATALOG_COMPILER_GENERATE_SWIFT_ASSET_SYMBOL_EXTENSIONS = YES;
				CLANG_ANALYZER_NONNULL = YES;
				CLANG_ANALYZER_NUMBER_OBJECT_CONVERSION = YES_AGGRESSIVE;
				CLANG_CXX_LANGUAGE_STANDARD = "gnu++20";
				CLANG_ENABLE_MODULES = YES;
				CLANG_ENABLE_OBJC_ARC = YES;
				CLANG_ENABLE_OBJC_WEAK = YES;
				CLANG_WARN_BLOCK_CAPTURE_AUTORELEASING = YES;
				CLANG_WARN_BOOL_CONVERSION = YES;
				CLANG_WARN_COMMA = YES;
				CLANG_WARN_CONSTANT_CONVERSION = YES;
				CLANG_WARN_DEPRECATED_OBJC_IMPLEMENTATIONS = YES;
				CLANG_WARN_DIRECT_OBJC_ISA_USAGE = YES_ERROR;
				CLANG_WARN_DOCUMENTATION_COMMENTS = YES;
				CLANG_WARN_EMPTY_BODY = YES;
				CLANG_WARN_ENUM_CONVERSION = YES;
				CLANG_WARN_INFINITE_RECURSION = YES;
				CLANG_WARN_INT_CONVERSION = YES;
				CLANG_WARN_NON_LITERAL_NULL_CONVERSION = YES;
				CLANG_WARN_OBJC_IMPLICIT_RETAIN_SELF = YES;
				CLANG_WARN_OBJC_LITERAL_CONVERSION = YES;
				CLANG_WARN_OBJC_ROOT_CLASS = YES_ERROR;
				CLANG_WARN_QUOTED_INCLUDE_IN_FRAMEWORK_HEADER = YES;
				CLANG_WARN_RANGE_LOOP_ANALYSIS = YES;
				CLANG_WARN_STRICT_PROTOTYPES = YES;
				CLANG_WARN_SUSPICIOUS_MOVE = YES;
				CLANG_WARN_UNGUARDED_AVAILABILITY = YES_AGGRESSIVE;
				CLANG_WARN_UNREACHABLE_CODE = YES;
				CLANG_WARN__DUPLICATE_METHOD_MATCH = YES;
				COPY_PHASE_STRIP = NO;
				DEBUG_INFORMATION_FORMAT = "dwarf-with-dsym";
				ENABLE_NS_ASSERTIONS = NO;
				ENABLE_STRICT_OBJC_MSGSEND = YES;
				ENABLE_USER_SCRIPT_SANDBOXING = YES;
				GCC_C_LANGUAGE_STANDARD = gnu17;
				GCC_NO_COMMON_BLOCKS = YES;
				GCC_WARN_64_TO_32_BIT_CONVERSION = YES;
				GCC_WARN_ABOUT_RETURN_TYPE = YES_ERROR;
				GCC_WARN_UNDECLARED_SELECTOR = YES;
				GCC_WARN_UNINITIALIZED_AUTOS = YES_AGGRESSIVE;
				GCC_WARN_UNUSED_FUNCTION = YES;
				GCC_WARN_UNUSED_VARIABLE = YES;
				IPHONEOS_DEPLOYMENT_TARGET = 17.0;
				LOCALIZATION_PREFERS_STRING_CATALOGS = YES;
				MTL_ENABLE_DEBUG_INFO = NO;
				MTL_FAST_MATH = YES;
				SDKROOT = iphoneos;
				SWIFT_COMPILATION_MODE = wholemodule;
				VALIDATE_PRODUCT = YES;
			};
			name = Release;
		};
		96A8332E2AC4454900EA0F50 /* Debug */ = {
			isa = XCBuildConfiguration;
			buildSettings = {
				ASSETCATALOG_COMPILER_APPICON_NAME = AppIcon;
				ASSETCATALOG_COMPILER_GLOBAL_ACCENT_COLOR_NAME = AccentColor;
				CODE_SIGN_STYLE = Automatic;
				CURRENT_PROJECT_VERSION = 1;
				DEVELOPMENT_ASSET_PATHS = "\"Africa/Preview Content\"";
				DEVELOPMENT_TEAM = LZPABQ868H;
				ENABLE_PREVIEWS = YES;
				GENERATE_INFOPLIST_FILE = YES;
				INFOPLIST_FILE = Africa/Info.plist;
				INFOPLIST_KEY_UIApplicationSceneManifest_Generation = YES;
				INFOPLIST_KEY_UIApplicationSupportsIndirectInputEvents = YES;
				INFOPLIST_KEY_UISupportedInterfaceOrientations_iPad = "UIInterfaceOrientationPortrait UIInterfaceOrientationPortraitUpsideDown UIInterfaceOrientationLandscapeLeft UIInterfaceOrientationLandscapeRight";
				INFOPLIST_KEY_UISupportedInterfaceOrientations_iPhone = "UIInterfaceOrientationPortrait UIInterfaceOrientationLandscapeLeft UIInterfaceOrientationLandscapeRight";
				INFOPLIST_KEY_UIUserInterfaceStyle = Dark;
				LD_RUNPATH_SEARCH_PATHS = (
					"$(inherited)",
					"@executable_path/Frameworks",
				);
				MARKETING_VERSION = 1.0;
				PRODUCT_BUNDLE_IDENTIFIER = ca.jgdesigns.Africa;
				PRODUCT_NAME = "$(TARGET_NAME)";
				SWIFT_EMIT_LOC_STRINGS = YES;
				SWIFT_VERSION = 5.0;
				TARGETED_DEVICE_FAMILY = "1,2";
			};
			name = Debug;
		};
		96A8332F2AC4454900EA0F50 /* Release */ = {
			isa = XCBuildConfiguration;
			buildSettings = {
				ASSETCATALOG_COMPILER_APPICON_NAME = AppIcon;
				ASSETCATALOG_COMPILER_GLOBAL_ACCENT_COLOR_NAME = AccentColor;
				CODE_SIGN_STYLE = Automatic;
				CURRENT_PROJECT_VERSION = 1;
				DEVELOPMENT_ASSET_PATHS = "\"Africa/Preview Content\"";
				DEVELOPMENT_TEAM = LZPABQ868H;
				ENABLE_PREVIEWS = YES;
				GENERATE_INFOPLIST_FILE = YES;
				INFOPLIST_FILE = Africa/Info.plist;
				INFOPLIST_KEY_UIApplicationSceneManifest_Generation = YES;
				INFOPLIST_KEY_UIApplicationSupportsIndirectInputEvents = YES;
				INFOPLIST_KEY_UISupportedInterfaceOrientations_iPad = "UIInterfaceOrientationPortrait UIInterfaceOrientationPortraitUpsideDown UIInterfaceOrientationLandscapeLeft UIInterfaceOrientationLandscapeRight";
				INFOPLIST_KEY_UISupportedInterfaceOrientations_iPhone = "UIInterfaceOrientationPortrait UIInterfaceOrientationLandscapeLeft UIInterfaceOrientationLandscapeRight";
				INFOPLIST_KEY_UIUserInterfaceStyle = Dark;
				LD_RUNPATH_SEARCH_PATHS = (
					"$(inherited)",
					"@executable_path/Frameworks",
				);
				MARKETING_VERSION = 1.0;
				PRODUCT_BUNDLE_IDENTIFIER = ca.jgdesigns.Africa;
				PRODUCT_NAME = "$(TARGET_NAME)";
				SWIFT_EMIT_LOC_STRINGS = YES;
				SWIFT_VERSION = 5.0;
				TARGETED_DEVICE_FAMILY = "1,2";
			};
			name = Release;
		};
/* End XCBuildConfiguration section */

/* Begin XCConfigurationList section */
		96A8331A2AC4454600EA0F50 /* Build configuration list for PBXProject "Africa" */ = {
			isa = XCConfigurationList;
			buildConfigurations = (
				96A8332B2AC4454900EA0F50 /* Debug */,
				96A8332C2AC4454900EA0F50 /* Release */,
			);
			defaultConfigurationIsVisible = 0;
			defaultConfigurationName = Release;
		};
		96A8332D2AC4454900EA0F50 /* Build configuration list for PBXNativeTarget "Africa" */ = {
			isa = XCConfigurationList;
			buildConfigurations = (
				96A8332E2AC4454900EA0F50 /* Debug */,
				96A8332F2AC4454900EA0F50 /* Release */,
			);
			defaultConfigurationIsVisible = 0;
			defaultConfigurationName = Release;
		};
/* End XCConfigurationList section */
	};
	rootObject = 96A833172AC4454600EA0F50 /* Project object */;
}
